
Microsoft Visual Studio Solution File, Format Version 12.00
# Visual Studio Version 16
VisualStudioVersion = 16.0.31729.503
MinimumVisualStudioVersion = 10.0.40219.1
Project("{FAE04EC0-301F-11D3-BF4B-00C04F79EFBC}") = "FriendOrganizer.UI", "FriendOrganizer.UI\FriendOrganizer.UI.csproj", "{1596E3DA-6360-4F25-97F7-96BA1E9D5BE3}"
EndProject
Project("{FAE04EC0-301F-11D3-BF4B-00C04F79EFBC}") = "FriendOrganizer.DataAccess", "FriendOrganizer.DataAccess\FriendOrganizer.DataAccess.csproj", "{F3E67764-200C-46EE-B41A-75FDAEFE95A5}"
EndProject
Project("{FAE04EC0-301F-11D3-BF4B-00C04F79EFBC}") = "FriendOrganizer.Model", "FriendOrganizer.Model\FriendOrganizer.Model.csproj", "{4EAA663B-CA6F-43C4-B68A-C6F1817A8550}"
EndProject
Global
	GlobalSection(SolutionConfigurationPlatforms) = preSolution
		Debug|Any CPU = Debug|Any CPU
		Release|Any CPU = Release|Any CPU
	EndGlobalSection
	GlobalSection(ProjectConfigurationPlatforms) = postSolution
		{1596E3DA-6360-4F25-97F7-96BA1E9D5BE3}.Debug|Any CPU.ActiveCfg = Debug|Any CPU
		{1596E3DA-6360-4F25-97F7-96BA1E9D5BE3}.Debug|Any CPU.Build.0 = Debug|Any CPU
		{1596E3DA-6360-4F25-97F7-96BA1E9D5BE3}.Release|Any CPU.ActiveCfg = Release|Any CPU
		{1596E3DA-6360-4F25-97F7-96BA1E9D5BE3}.Release|Any CPU.Build.0 = Release|Any CPU
		{F3E67764-200C-46EE-B41A-75FDAEFE95A5}.Debug|Any CPU.ActiveCfg = Debug|Any CPU
		{F3E67764-200C-46EE-B41A-75FDAEFE95A5}.Debug|Any CPU.Build.0 = Debug|Any CPU
		{F3E67764-200C-46EE-B41A-75FDAEFE95A5}.Release|Any CPU.ActiveCfg = Release|Any CPU
		{F3E67764-200C-46EE-B41A-75FDAEFE95A5}.Release|Any CPU.Build.0 = Release|Any CPU
		{4EAA663B-CA6F-43C4-B68A-C6F1817A8550}.Debug|Any CPU.ActiveCfg = Debug|Any CPU
		{4EAA663B-CA6F-43C4-B68A-C6F1817A8550}.Debug|Any CPU.Build.0 = Debug|Any CPU
		{4EAA663B-CA6F-43C4-B68A-C6F1817A8550}.Release|Any CPU.ActiveCfg = Release|Any CPU
		{4EAA663B-CA6F-43C4-B68A-C6F1817A8550}.Release|Any CPU.Build.0 = Release|Any CPU
	EndGlobalSection
	GlobalSection(SolutionProperties) = preSolution
		HideSolutionNode = FALSE
	EndGlobalSection
	GlobalSection(ExtensibilityGlobals) = postSolution
		SolutionGuid = {DC166C10-C1FF-4CEF-9073-62762A119192}
	EndGlobalSection
EndGlobal
